{
  "name": "pdf2csv",
  "version": "0.1.4",
  "lockfileVersion": 3,
  "requires": true,
  "packages": {
    "": {
      "name": "pdf2csv",
      "version": "0.1.4",
      "license": "GPL",
      "dependencies": {
        "pdf2csv": "^0.1.4",
        "pdf2json": ">= 0.4.7",
        "underscore": ">= 1.5.2"
      },
      "bin": {
        "pdf2csv": "bin/pdf2csv"
      },
      "devDependencies": {},
      "engines": {
        "node": "*"
      }
    },
    "node_modules/pdf2csv": {
      "version": "0.1.4",
      "resolved": "https://registry.npmjs.org/pdf2csv/-/pdf2csv-0.1.4.tgz",
      "integrity": "sha512-3WR3iFx1lwa5ITAaGqbpvqDcG+NVtFE3f6Ufkz1E9TeqShVHXD9fP62NXGxIXICF8N+AA5vN8jMyebumIhIYMQ==",
      "dependencies": {
        "pdf2json": ">= 0.4.7",
        "underscore": ">= 1.5.2"
      },
      "bin": {
        "pdf2csv": "bin/pdf2csv"
      },
      "engines": {
        "node": "*"
      }
    },
    "node_modules/pdf2json": {
      "version": "3.0.5",
      "resolved": "https://registry.npmjs.org/pdf2json/-/pdf2json-3.0.5.tgz",
      "integrity": "sha512-Un1yLbSlk/zfwrltgguskExIioXZlFSFwsyXU0cnBorLywbTbcdzmJJEebh+U2cFCtR7y8nDs5lPHAe7ldxjZg==",
      "bundleDependencies": [
        "@xmldom/xmldom"
      ],
      "dependencies": {
        "@xmldom/xmldom": "^0.8.8"
      },
      "bin": {
        "pdf2json": "bin/pdf2json.js"
      },
      "engines": {
        "node": ">=18.12.1",
        "npm": ">=8.19.2"
      }
    },
    "node_modules/pdf2json/node_modules/@xmldom/xmldom": {
      "version": "0.8.8",
      "inBundle": true,
      "license": "MIT",
      "engines": {
        "node": ">=10.0.0"
      }
    },
    "node_modules/underscore": {
      "version": "1.13.6",
      "resolved": "https://registry.npmjs.org/underscore/-/underscore-1.13.6.tgz",
      "integrity": "sha512-+A5Sja4HP1M08MaXya7p5LvjuM7K6q/2EaC0+iovj/wOcMsTzMvDFbasi/oSapiwOlt252IqsKqPjCl7huKS0A=="
    }
  }
}
